
Microsoft Visual Studio Solution File, Format Version 12.00
# Visual Studio Version 16
VisualStudioVersion = 16.0.30711.63
MinimumVisualStudioVersion = 10.0.40219.1
Project("{8BC9CEB8-8B4A-11D0-8D11-00A0C91BC942}") = "Project1", "Project1.vcxproj", "{B00F5859-DCC0-4C08-9757-25BF623CB1D0}"
EndProject
Global
	GlobalSection(SolutionConfigurationPlatforms) = preSolution
		Debug|x64 = Debug|x64
		Debug|x86 = Debug|x86
		Release|x64 = Release|x64
		Release|x86 = Release|x86
	EndGlobalSection
	GlobalSection(ProjectConfigurationPlatforms) = postSolution
		{B00F5859-DCC0-4C08-9757-25BF623CB1D0}.Debug|x64.ActiveCfg = Debug|x64
		{B00F5859-DCC0-4C08-9757-25BF623CB1D0}.Debug|x64.Build.0 = Debug|x64
		{B00F5859-DCC0-4C08-9757-25BF623CB1D0}.Debug|x86.ActiveCfg = Debug|Win32
		{B00F5859-DCC0-4C08-9757-25BF623CB1D0}.Debug|x86.Build.0 = Debug|Win32
		{B00F5859-DCC0-4C08-9757-25BF623CB1D0}.Release|x64.ActiveCfg = Release|x64
		{B00F5859-DCC0-4C08-9757-25BF623CB1D0}.Release|x64.Build.0 = Release|x64
		{B00F5859-DCC0-4C08-9757-25BF623CB1D0}.Release|x86.ActiveCfg = Release|Win32
		{B00F5859-DCC0-4C08-9757-25BF623CB1D0}.Release|x86.Build.0 = Release|Win32
	EndGlobalSection
	GlobalSection(SolutionProperties) = preSolution
		HideSolutionNode = FALSE
	EndGlobalSection
	GlobalSection(ExtensibilityGlobals) = postSolution
		SolutionGuid = {B75AA821-FC37-4795-916F-A5844CAB8C06}
	EndGlobalSection
EndGlobal
